
Microsoft Visual Studio Solution File, Format Version 12.00
# Visual Studio Version 17
VisualStudioVersion = 17.5.33502.453
MinimumVisualStudioVersion = 10.0.40219.1
Project("{888888A0-9F3D-457C-B088-3A5042F75D52}") = "lists_3_0", "lists_3_0.pyproj", "{FF1B0BA5-5A37-4EB9-8845-013E4C9DDF8F}"
EndProject
Global
	GlobalSection(SolutionConfigurationPlatforms) = preSolution
		Debug|Any CPU = Debug|Any CPU
		Release|Any CPU = Release|Any CPU
	EndGlobalSection
	GlobalSection(ProjectConfigurationPlatforms) = postSolution
		{FF1B0BA5-5A37-4EB9-8845-013E4C9DDF8F}.Debug|Any CPU.ActiveCfg = Debug|Any CPU
		{FF1B0BA5-5A37-4EB9-8845-013E4C9DDF8F}.Release|Any CPU.ActiveCfg = Release|Any CPU
	EndGlobalSection
	GlobalSection(SolutionProperties) = preSolution
		HideSolutionNode = FALSE
	EndGlobalSection
	GlobalSection(ExtensibilityGlobals) = postSolution
		SolutionGuid = {E3EDCABC-7A63-432E-B8AF-DBF1CF715243}
	EndGlobalSection
EndGlobal
